
Microsoft Visual Studio Solution File, Format Version 12.00
# Visual Studio Version 17
VisualStudioVersion = 17.10.34916.146
MinimumVisualStudioVersion = 10.0.40219.1
Project("{FAE04EC0-301F-11D3-BF4B-00C04F79EFBC}") = "Start_Stop3", "Start_Stop3\Start_Stop3.csproj", "{93C28A87-CC88-494F-B24D-6B8131E442F0}"
EndProject
Global
	GlobalSection(SolutionConfigurationPlatforms) = preSolution
		Debug|Any CPU = Debug|Any CPU
		Release|Any CPU = Release|Any CPU
	EndGlobalSection
	GlobalSection(ProjectConfigurationPlatforms) = postSolution
		{93C28A87-CC88-494F-B24D-6B8131E442F0}.Debug|Any CPU.ActiveCfg = Debug|Any CPU
		{93C28A87-CC88-494F-B24D-6B8131E442F0}.Debug|Any CPU.Build.0 = Debug|Any CPU
		{93C28A87-CC88-494F-B24D-6B8131E442F0}.Release|Any CPU.ActiveCfg = Release|Any CPU
		{93C28A87-CC88-494F-B24D-6B8131E442F0}.Release|Any CPU.Build.0 = Release|Any CPU
	EndGlobalSection
	GlobalSection(SolutionProperties) = preSolution
		HideSolutionNode = FALSE
	EndGlobalSection
	GlobalSection(ExtensibilityGlobals) = postSolution
		SolutionGuid = {90F9A3AD-CDAA-4687-837F-E498BCBA9D98}
	EndGlobalSection
EndGlobal
